
Microsoft Visual Studio Solution File, Format Version 12.00
# Visual Studio 15
VisualStudioVersion = 15.0.28307.1082
MinimumVisualStudioVersion = 10.0.40219.1
Project("{FAE04EC0-301F-11D3-BF4B-00C04F79EFBC}") = "RentalService", "RentalService\RentalService.csproj", "{016290EA-CE12-4492-87B6-B7D247557E56}"
EndProject
Global
	GlobalSection(SolutionConfigurationPlatforms) = preSolution
		Debug|Any CPU = Debug|Any CPU
		Release|Any CPU = Release|Any CPU
	EndGlobalSection
	GlobalSection(ProjectConfigurationPlatforms) = postSolution
		{016290EA-CE12-4492-87B6-B7D247557E56}.Debug|Any CPU.ActiveCfg = Debug|Any CPU
		{016290EA-CE12-4492-87B6-B7D247557E56}.Debug|Any CPU.Build.0 = Debug|Any CPU
		{016290EA-CE12-4492-87B6-B7D247557E56}.Release|Any CPU.ActiveCfg = Release|Any CPU
		{016290EA-CE12-4492-87B6-B7D247557E56}.Release|Any CPU.Build.0 = Release|Any CPU
	EndGlobalSection
	GlobalSection(SolutionProperties) = preSolution
		HideSolutionNode = FALSE
	EndGlobalSection
	GlobalSection(ExtensibilityGlobals) = postSolution
		SolutionGuid = {947647D4-169E-4B78-99F7-6BAC5DA86112}
	EndGlobalSection
EndGlobal
